
Microsoft Visual Studio Solution File, Format Version 12.00
# Visual Studio Version 16
VisualStudioVersion = 16.0.31605.320
MinimumVisualStudioVersion = 10.0.40219.1
Project("{FAE04EC0-301F-11D3-BF4B-00C04F79EFBC}") = "IntroduccionCS", "IntroduccionCS.csproj", "{429AA50A-38D2-4448-A94A-93E61E81513C}"
EndProject
Project("{FAE04EC0-301F-11D3-BF4B-00C04F79EFBC}") = "Diccionario", "..\Diccionario\Diccionario.csproj", "{85153A66-2CC6-47D0-9F66-7E992D1AB289}"
EndProject
Project("{FAE04EC0-301F-11D3-BF4B-00C04F79EFBC}") = "EstatusAlumnos", "..\EstatusAlumnos\EstatusAlumnos.csproj", "{73ADF77B-268B-4DD5-B4CC-8891FD5DD17C}"
EndProject
Project("{FAE04EC0-301F-11D3-BF4B-00C04F79EFBC}") = "LinQ", "..\LinQ\LinQ.csproj", "{9342DE3D-23AF-4E53-8346-961D52D3BDB3}"
EndProject
Project("{FAE04EC0-301F-11D3-BF4B-00C04F79EFBC}") = "PuntoDeVenta", "..\PuntoDeVenta\PuntoDeVenta.csproj", "{609C858A-B201-4C2F-AAB5-B1982E09AD8E}"
EndProject
Project("{FAE04EC0-301F-11D3-BF4B-00C04F79EFBC}") = "PuntoVentaInterfaces", "..\PuntoVentaInterfaces\PuntoVentaInterfaces.csproj", "{4C16F119-9960-470B-BC56-C2CB352ED49C}"
EndProject
Project("{FAE04EC0-301F-11D3-BF4B-00C04F79EFBC}") = "Crud", "..\Crud\Crud.csproj", "{8AF8E579-867C-455B-8A81-68D1657A8A81}"
EndProject
Global
	GlobalSection(SolutionConfigurationPlatforms) = preSolution
		Debug|Any CPU = Debug|Any CPU
		Release|Any CPU = Release|Any CPU
	EndGlobalSection
	GlobalSection(ProjectConfigurationPlatforms) = postSolution
		{429AA50A-38D2-4448-A94A-93E61E81513C}.Debug|Any CPU.ActiveCfg = Debug|Any CPU
		{429AA50A-38D2-4448-A94A-93E61E81513C}.Debug|Any CPU.Build.0 = Debug|Any CPU
		{429AA50A-38D2-4448-A94A-93E61E81513C}.Release|Any CPU.ActiveCfg = Release|Any CPU
		{429AA50A-38D2-4448-A94A-93E61E81513C}.Release|Any CPU.Build.0 = Release|Any CPU
		{85153A66-2CC6-47D0-9F66-7E992D1AB289}.Debug|Any CPU.ActiveCfg = Debug|Any CPU
		{85153A66-2CC6-47D0-9F66-7E992D1AB289}.Debug|Any CPU.Build.0 = Debug|Any CPU
		{85153A66-2CC6-47D0-9F66-7E992D1AB289}.Release|Any CPU.ActiveCfg = Release|Any CPU
		{85153A66-2CC6-47D0-9F66-7E992D1AB289}.Release|Any CPU.Build.0 = Release|Any CPU
		{73ADF77B-268B-4DD5-B4CC-8891FD5DD17C}.Debug|Any CPU.ActiveCfg = Debug|Any CPU
		{73ADF77B-268B-4DD5-B4CC-8891FD5DD17C}.Debug|Any CPU.Build.0 = Debug|Any CPU
		{73ADF77B-268B-4DD5-B4CC-8891FD5DD17C}.Release|Any CPU.ActiveCfg = Release|Any CPU
		{73ADF77B-268B-4DD5-B4CC-8891FD5DD17C}.Release|Any CPU.Build.0 = Release|Any CPU
		{9342DE3D-23AF-4E53-8346-961D52D3BDB3}.Debug|Any CPU.ActiveCfg = Debug|Any CPU
		{9342DE3D-23AF-4E53-8346-961D52D3BDB3}.Debug|Any CPU.Build.0 = Debug|Any CPU
		{9342DE3D-23AF-4E53-8346-961D52D3BDB3}.Release|Any CPU.ActiveCfg = Release|Any CPU
		{9342DE3D-23AF-4E53-8346-961D52D3BDB3}.Release|Any CPU.Build.0 = Release|Any CPU
		{609C858A-B201-4C2F-AAB5-B1982E09AD8E}.Debug|Any CPU.ActiveCfg = Debug|Any CPU
		{609C858A-B201-4C2F-AAB5-B1982E09AD8E}.Debug|Any CPU.Build.0 = Debug|Any CPU
		{609C858A-B201-4C2F-AAB5-B1982E09AD8E}.Release|Any CPU.ActiveCfg = Release|Any CPU
		{609C858A-B201-4C2F-AAB5-B1982E09AD8E}.Release|Any CPU.Build.0 = Release|Any CPU
		{4C16F119-9960-470B-BC56-C2CB352ED49C}.Debug|Any CPU.ActiveCfg = Debug|Any CPU
		{4C16F119-9960-470B-BC56-C2CB352ED49C}.Debug|Any CPU.Build.0 = Debug|Any CPU
		{4C16F119-9960-470B-BC56-C2CB352ED49C}.Release|Any CPU.ActiveCfg = Release|Any CPU
		{4C16F119-9960-470B-BC56-C2CB352ED49C}.Release|Any CPU.Build.0 = Release|Any CPU
		{8AF8E579-867C-455B-8A81-68D1657A8A81}.Debug|Any CPU.ActiveCfg = Debug|Any CPU
		{8AF8E579-867C-455B-8A81-68D1657A8A81}.Debug|Any CPU.Build.0 = Debug|Any CPU
		{8AF8E579-867C-455B-8A81-68D1657A8A81}.Release|Any CPU.ActiveCfg = Release|Any CPU
		{8AF8E579-867C-455B-8A81-68D1657A8A81}.Release|Any CPU.Build.0 = Release|Any CPU
	EndGlobalSection
	GlobalSection(SolutionProperties) = preSolution
		HideSolutionNode = FALSE
	EndGlobalSection
	GlobalSection(ExtensibilityGlobals) = postSolution
		SolutionGuid = {AE246414-7891-4F53-95F0-3E9ACE7E78C0}
	EndGlobalSection
EndGlobal
